
Microsoft Visual Studio Solution File, Format Version 12.00
# Visual Studio 15
VisualStudioVersion = 15.0.26228.18
MinimumVisualStudioVersion = 10.0.40219.1
Project("{FAE04EC0-301F-11D3-BF4B-00C04F79EFBC}") = "FreedomeF", "FreedomeF\FreedomeF.csproj", "{C87F7F7E-909E-4238-9EA7-B06058EA146A}"
	ProjectSection(ProjectDependencies) = postProject
		{9A3679D9-D275-43A9-803C-F107D9EC7039} = {9A3679D9-D275-43A9-803C-F107D9EC7039}
	EndProjectSection
EndProject
Project("{FAE04EC0-301F-11D3-BF4B-00C04F79EFBC}") = "DemoApi", "..\..\DemoApi2008(1)\DemoApi\DemoApi\DemoApi.csproj", "{9A3679D9-D275-43A9-803C-F107D9EC7039}"
EndProject
Project("{FAE04EC0-301F-11D3-BF4B-00C04F79EFBC}") = "ClassLibrary1", "..\..\ClassLibrary12008(1)\ClassLibrary1\ClassLibrary1\ClassLibrary1.csproj", "{98736907-5931-47E2-AB57-26D41F4C99AA}"
EndProject
Project("{FAE04EC0-301F-11D3-BF4B-00C04F79EFBC}") = "Management", "..\..\Management2108\Management\Management\Management.csproj", "{EA6D48A3-EC3E-42CB-AFB7-9C1B1FDF07CE}"
EndProject
Project("{FAE04EC0-301F-11D3-BF4B-00C04F79EFBC}") = "Freedom.Test", "Freedom.Test\Freedom.Test.csproj", "{D96CE647-8553-4802-9797-8F87E00CE255}"
EndProject
Global
	GlobalSection(SolutionConfigurationPlatforms) = preSolution
		Debug|Any CPU = Debug|Any CPU
		Release|Any CPU = Release|Any CPU
	EndGlobalSection
	GlobalSection(ProjectConfigurationPlatforms) = postSolution
		{C87F7F7E-909E-4238-9EA7-B06058EA146A}.Debug|Any CPU.ActiveCfg = Debug|Any CPU
		{C87F7F7E-909E-4238-9EA7-B06058EA146A}.Debug|Any CPU.Build.0 = Debug|Any CPU
		{C87F7F7E-909E-4238-9EA7-B06058EA146A}.Release|Any CPU.ActiveCfg = Release|Any CPU
		{C87F7F7E-909E-4238-9EA7-B06058EA146A}.Release|Any CPU.Build.0 = Release|Any CPU
		{9A3679D9-D275-43A9-803C-F107D9EC7039}.Debug|Any CPU.ActiveCfg = Debug|Any CPU
		{9A3679D9-D275-43A9-803C-F107D9EC7039}.Debug|Any CPU.Build.0 = Debug|Any CPU
		{9A3679D9-D275-43A9-803C-F107D9EC7039}.Release|Any CPU.ActiveCfg = Release|Any CPU
		{9A3679D9-D275-43A9-803C-F107D9EC7039}.Release|Any CPU.Build.0 = Release|Any CPU
		{98736907-5931-47E2-AB57-26D41F4C99AA}.Debug|Any CPU.ActiveCfg = Debug|Any CPU
		{98736907-5931-47E2-AB57-26D41F4C99AA}.Debug|Any CPU.Build.0 = Debug|Any CPU
		{98736907-5931-47E2-AB57-26D41F4C99AA}.Release|Any CPU.ActiveCfg = Release|Any CPU
		{98736907-5931-47E2-AB57-26D41F4C99AA}.Release|Any CPU.Build.0 = Release|Any CPU
		{EA6D48A3-EC3E-42CB-AFB7-9C1B1FDF07CE}.Debug|Any CPU.ActiveCfg = Debug|Any CPU
		{EA6D48A3-EC3E-42CB-AFB7-9C1B1FDF07CE}.Debug|Any CPU.Build.0 = Debug|Any CPU
		{EA6D48A3-EC3E-42CB-AFB7-9C1B1FDF07CE}.Release|Any CPU.ActiveCfg = Release|Any CPU
		{EA6D48A3-EC3E-42CB-AFB7-9C1B1FDF07CE}.Release|Any CPU.Build.0 = Release|Any CPU
		{D96CE647-8553-4802-9797-8F87E00CE255}.Debug|Any CPU.ActiveCfg = Debug|Any CPU
		{D96CE647-8553-4802-9797-8F87E00CE255}.Debug|Any CPU.Build.0 = Debug|Any CPU
		{D96CE647-8553-4802-9797-8F87E00CE255}.Release|Any CPU.ActiveCfg = Release|Any CPU
		{D96CE647-8553-4802-9797-8F87E00CE255}.Release|Any CPU.Build.0 = Release|Any CPU
	EndGlobalSection
	GlobalSection(SolutionProperties) = preSolution
		HideSolutionNode = FALSE
	EndGlobalSection
EndGlobal
